
Microsoft Visual Studio Solution File, Format Version 12.00
# Visual Studio Version 16
VisualStudioVersion = 16.0.29411.108
MinimumVisualStudioVersion = 10.0.40219.1
Project("{9A19103F-16F7-4668-BE54-9A1E7A4F7556}") = "TIIK", "TIIK\TIIK.csproj", "{ABA6ADA8-017F-4E40-A901-63B77E4DC674}"
EndProject
Project("{FAE04EC0-301F-11D3-BF4B-00C04F79EFBC}") = "FileStats", "FileStats\FileStats.csproj", "{EB82BC79-9B7D-40F3-A656-02CD28C03516}"
EndProject
Project("{FAE04EC0-301F-11D3-BF4B-00C04F79EFBC}") = "FileStatsTests", "FileStatsTests\FileStatsTests.csproj", "{79332115-8226-45B7-B44F-CCD20777F52B}"
EndProject
Global
	GlobalSection(SolutionConfigurationPlatforms) = preSolution
		Debug|Any CPU = Debug|Any CPU
		Release|Any CPU = Release|Any CPU
	EndGlobalSection
	GlobalSection(ProjectConfigurationPlatforms) = postSolution
		{ABA6ADA8-017F-4E40-A901-63B77E4DC674}.Debug|Any CPU.ActiveCfg = Debug|Any CPU
		{ABA6ADA8-017F-4E40-A901-63B77E4DC674}.Debug|Any CPU.Build.0 = Debug|Any CPU
		{ABA6ADA8-017F-4E40-A901-63B77E4DC674}.Release|Any CPU.ActiveCfg = Release|Any CPU
		{ABA6ADA8-017F-4E40-A901-63B77E4DC674}.Release|Any CPU.Build.0 = Release|Any CPU
		{EB82BC79-9B7D-40F3-A656-02CD28C03516}.Debug|Any CPU.ActiveCfg = Debug|Any CPU
		{EB82BC79-9B7D-40F3-A656-02CD28C03516}.Debug|Any CPU.Build.0 = Debug|Any CPU
		{EB82BC79-9B7D-40F3-A656-02CD28C03516}.Release|Any CPU.ActiveCfg = Release|Any CPU
		{EB82BC79-9B7D-40F3-A656-02CD28C03516}.Release|Any CPU.Build.0 = Release|Any CPU
		{79332115-8226-45B7-B44F-CCD20777F52B}.Debug|Any CPU.ActiveCfg = Debug|Any CPU
		{79332115-8226-45B7-B44F-CCD20777F52B}.Debug|Any CPU.Build.0 = Debug|Any CPU
		{79332115-8226-45B7-B44F-CCD20777F52B}.Release|Any CPU.ActiveCfg = Release|Any CPU
		{79332115-8226-45B7-B44F-CCD20777F52B}.Release|Any CPU.Build.0 = Release|Any CPU
	EndGlobalSection
	GlobalSection(SolutionProperties) = preSolution
		HideSolutionNode = FALSE
	EndGlobalSection
	GlobalSection(ExtensibilityGlobals) = postSolution
		SolutionGuid = {2D13E4AB-6D8A-4762-BB7B-BCB095F25946}
	EndGlobalSection
EndGlobal
